// !$*UTF8*$!
{
	archiveVersion = 1;
	classes = {
	};
	objectVersion = 46;
	objects = {

/* Begin PBXFileReference section */
		5A0DAC861B3FA05200D387E8 /* Parser.js */ = {isa = PBXFileReference; lastKnownFileType = sourcecode.javascript; path = Parser.js; sourceTree = "<group>"; };
		5AA1C20B1B56256400A14BC7 /* PseudoParser.html */ = {isa = PBXFileReference; lastKnownFileType = text.html; path = PseudoParser.html; sourceTree = "<group>"; };
/* End PBXFileReference section */

/* Begin PBXGroup section */
		5A0DAC7F1B3F9FFC00D387E8 = {
			isa = PBXGroup;
			children = (
				5AA1C20B1B56256400A14BC7 /* PseudoParser.html */,
				5A0DAC861B3FA05200D387E8 /* Parser.js */,
			);
			sourceTree = "<group>";
		};
/* End PBXGroup section */

/* Begin PBXProject section */
		5A0DAC801B3F9FFC00D387E8 /* Project object */ = {
			isa = PBXProject;
			attributes = {
				LastUpgradeCheck = 0640;
			};
			buildConfigurationList = 5A0DAC831B3F9FFC00D387E8 /* Build configuration list for PBXProject "PseudoParser" */;
			compatibilityVersion = "Xcode 3.2";
			developmentRegion = English;
			hasScannedForEncodings = 0;
			knownRegions = (
				en,
			);
			mainGroup = 5A0DAC7F1B3F9FFC00D387E8;
			projectDirPath = "";
			projectRoot = "";
			targets = (
			);
		};
/* End PBXProject section */

/* Begin XCBuildConfiguration section */
		5A0DAC841B3F9FFC00D387E8 /* Debug */ = {
			isa = XCBuildConfiguration;
			buildSettings = {
				ONLY_ACTIVE_ARCH = YES;
			};
			name = Debug;
		};
		5A0DAC851B3F9FFC00D387E8 /* Release */ = {
			isa = XCBuildConfiguration;
			buildSettings = {
			};
			name = Release;
		};
/* End XCBuildConfiguration section */

/* Begin XCConfigurationList section */
		5A0DAC831B3F9FFC00D387E8 /* Build configuration list for PBXProject "PseudoParser" */ = {
			isa = XCConfigurationList;
			buildConfigurations = (
				5A0DAC841B3F9FFC00D387E8 /* Debug */,
				5A0DAC851B3F9FFC00D387E8 /* Release */,
			);
			defaultConfigurationIsVisible = 0;
			defaultConfigurationName = Release;
		};
/* End XCConfigurationList section */
	};
	rootObject = 5A0DAC801B3F9FFC00D387E8 /* Project object */;
}
